
Microsoft Visual Studio Solution File, Format Version 12.00
# Visual Studio Version 17
VisualStudioVersion = 17.14.37516.0 d17.14
MinimumVisualStudioVersion = 10.0.40219.1
Project("{FAE04EC0-301F-11D3-BF4B-00C04F79EFBC}") = "AchievementTracker", "AchievementTracker\AchievementTracker.csproj", "{7BB7B60C-251D-4A51-9530-2116AF04E3E2}"
EndProject
Global
	GlobalSection(SolutionConfigurationPlatforms) = preSolution
		Debug|Any CPU = Debug|Any CPU
		Release|Any CPU = Release|Any CPU
	EndGlobalSection
	GlobalSection(ProjectConfigurationPlatforms) = postSolution
		{7BB7B60C-251D-4A51-9530-2116AF04E3E2}.Debug|Any CPU.ActiveCfg = Debug|Any CPU
		{7BB7B60C-251D-4A51-9530-2116AF04E3E2}.Debug|Any CPU.Build.0 = Debug|Any CPU
		{7BB7B60C-251D-4A51-9530-2116AF04E3E2}.Release|Any CPU.ActiveCfg = Release|Any CPU
		{7BB7B60C-251D-4A51-9530-2116AF04E3E2}.Release|Any CPU.Build.0 = Release|Any CPU
	EndGlobalSection
	GlobalSection(SolutionProperties) = preSolution
		HideSolutionNode = FALSE
	EndGlobalSection
	GlobalSection(ExtensibilityGlobals) = postSolution
		SolutionGuid = {2FCC6648-4CFE-4DD4-82BF-DA1DBFCFFE48}
	EndGlobalSection
EndGlobal
